
Microsoft Visual Studio Solution File, Format Version 12.00
# Visual Studio Version 16
VisualStudioVersion = 16.0.30320.27
MinimumVisualStudioVersion = 10.0.40219.1
Project("{9A19103F-16F7-4668-BE54-9A1E7A4F7556}") = "ClearMeasureFizzBuzz", "ClearMeasureFizzBuzz\ClearMeasureFizzBuzz.csproj", "{769F18DD-9981-48D9-81CA-EDF1E46EDEC4}"
EndProject
Project("{9A19103F-16F7-4668-BE54-9A1E7A4F7556}") = "FizzBuzzEnterprise", "FizzBuzzEnterprise\FizzBuzzEnterprise.csproj", "{47C9ACC7-1459-4528-B081-459084DB22B8}"
EndProject
Project("{9A19103F-16F7-4668-BE54-9A1E7A4F7556}") = "FizzBuzzEnterpriseTest", "FizzBuzzEnterpriseTest\FizzBuzzEnterpriseTest.csproj", "{51D2D4DE-5343-4D48-873B-34A14938121C}"
EndProject
Project("{2150E333-8FDC-42A3-9474-1A3956D46DE8}") = "Solution Items", "Solution Items", "{B25E0168-B362-47AF-B33B-0EB99CB44345}"
	ProjectSection(SolutionItems) = preProject
		README.md = README.md
	EndProjectSection
EndProject
Project("{2150E333-8FDC-42A3-9474-1A3956D46DE8}") = "Docs", "Docs", "{16AA9D7A-2DC0-4456-BC07-6A2C370983F5}"
	ProjectSection(SolutionItems) = preProject
		ConceptualDocumentation.md = ConceptualDocumentation.md
	EndProjectSection
EndProject
Project("{FAE04EC0-301F-11D3-BF4B-00C04F79EFBC}") = "FizzBuzzOutput", "FizzBuzzOutput\FizzBuzzOutput.csproj", "{BF23181C-DC95-4F72-B09B-5D360FE0B402}"
EndProject
Global
	GlobalSection(SolutionConfigurationPlatforms) = preSolution
		Debug|Any CPU = Debug|Any CPU
		Release|Any CPU = Release|Any CPU
	EndGlobalSection
	GlobalSection(ProjectConfigurationPlatforms) = postSolution
		{769F18DD-9981-48D9-81CA-EDF1E46EDEC4}.Debug|Any CPU.ActiveCfg = Debug|Any CPU
		{769F18DD-9981-48D9-81CA-EDF1E46EDEC4}.Debug|Any CPU.Build.0 = Debug|Any CPU
		{769F18DD-9981-48D9-81CA-EDF1E46EDEC4}.Release|Any CPU.ActiveCfg = Release|Any CPU
		{769F18DD-9981-48D9-81CA-EDF1E46EDEC4}.Release|Any CPU.Build.0 = Release|Any CPU
		{47C9ACC7-1459-4528-B081-459084DB22B8}.Debug|Any CPU.ActiveCfg = Debug|Any CPU
		{47C9ACC7-1459-4528-B081-459084DB22B8}.Debug|Any CPU.Build.0 = Debug|Any CPU
		{47C9ACC7-1459-4528-B081-459084DB22B8}.Release|Any CPU.ActiveCfg = Release|Any CPU
		{47C9ACC7-1459-4528-B081-459084DB22B8}.Release|Any CPU.Build.0 = Release|Any CPU
		{51D2D4DE-5343-4D48-873B-34A14938121C}.Debug|Any CPU.ActiveCfg = Debug|Any CPU
		{51D2D4DE-5343-4D48-873B-34A14938121C}.Debug|Any CPU.Build.0 = Debug|Any CPU
		{51D2D4DE-5343-4D48-873B-34A14938121C}.Release|Any CPU.ActiveCfg = Release|Any CPU
		{51D2D4DE-5343-4D48-873B-34A14938121C}.Release|Any CPU.Build.0 = Release|Any CPU
		{BF23181C-DC95-4F72-B09B-5D360FE0B402}.Debug|Any CPU.ActiveCfg = Debug|Any CPU
		{BF23181C-DC95-4F72-B09B-5D360FE0B402}.Debug|Any CPU.Build.0 = Debug|Any CPU
		{BF23181C-DC95-4F72-B09B-5D360FE0B402}.Release|Any CPU.ActiveCfg = Release|Any CPU
		{BF23181C-DC95-4F72-B09B-5D360FE0B402}.Release|Any CPU.Build.0 = Release|Any CPU
	EndGlobalSection
	GlobalSection(SolutionProperties) = preSolution
		HideSolutionNode = FALSE
	EndGlobalSection
	GlobalSection(NestedProjects) = preSolution
		{16AA9D7A-2DC0-4456-BC07-6A2C370983F5} = {B25E0168-B362-47AF-B33B-0EB99CB44345}
	EndGlobalSection
	GlobalSection(ExtensibilityGlobals) = postSolution
		SolutionGuid = {34A7AB3F-D68E-4602-975D-79BCD2CAF959}
	EndGlobalSection
EndGlobal
